<?xml version="1.0" encoding="utf-8"?>
<Project ToolsVersion="4.0" xmlns="http://schemas.microsoft.com/developer/msbuild/2003">
  <ItemGroup>
    <Filter Include="Source Files">
      <UniqueIdentifier>{4FC737F1-C7A5-4376-A066-2A32D752A2FF}</UniqueIdentifier>
      <Extensions>cpp;c;cc;cxx;def;odl;idl;hpj;bat;asm;asmx</Extensions>
    </Filter>
    <Filter Include="Header Files">
      <UniqueIdentifier>{93995380-89BD-4b04-88EB-625FBE52EBFB}</UniqueIdentifier>
      <Extensions>h;hh;hpp;hxx;hm;inl;inc;xsd</Extensions>
    </Filter>
    <Filter Include="Resource Files">
      <UniqueIdentifier>{67DA6AB6-F800-4c08-8B7A-83BB121AAD01}</UniqueIdentifier>
      <Extensions>rc;ico;cur;bmp;dlg;rc2;rct;bin;rgs;gif;jpg;jpeg;jpe;resx;tiff;tif;png;wav;mfcribbon-ms</Extensions>
    </Filter>
    <Filter Include="Header Files\Controllers">
      <UniqueIdentifier>{fa2c2962-82dc-4f51-af78-a1345b1036c2}</UniqueIdentifier>
    </Filter>
    <Filter Include="Source Files\Controllers">
      <UniqueIdentifier>{85f09fc2-0953-4243-92ca-21874a279353}</UniqueIdentifier>
    </Filter>
    <Filter Include="Header Files\World">
      <UniqueIdentifier>{b7e2ab81-f5ec-46f1-bf0f-e8da7ffd0bcf}</UniqueIdentifier>
    </Filter>
    <Filter Include="Header Files\World\Blocks">
      <UniqueIdentifier>{4a48e848-2b70-4ead-9a02-5dc4c15209fc}</UniqueIdentifier>
    </Filter>
    <Filter Include="Header Files\World\Tiles">
      <UniqueIdentifier>{53f2f8ea-4175-40a4-a100-48a8ffe65f7b}</UniqueIdentifier>
    </Filter>
    <Filter Include="Header Files\Entities">
      <UniqueIdentifier>{b67c58b7-f235-419e-919c-049972f371b0}</UniqueIdentifier>
    </Filter>
    <Filter Include="Header Files\Resources">
      <UniqueIdentifier>{cec662d1-4ce2-4041-bedf-6049972eb842}</UniqueIdentifier>
    </Filter>
    <Filter Include="Header Files\Entities\AI">
      <UniqueIdentifier>{fb62cba8-0090-48c3-b0b5-d7b205b3ace3}</UniqueIdentifier>
    </Filter>
    <Filter Include="Source Files\Entities">
      <UniqueIdentifier>{c0980c77-1918-44d5-b59d-8519ad1ce3aa}</UniqueIdentifier>
    </Filter>
    <Filter Include="Source Files\Entities\AI">
      <UniqueIdentifier>{7fada7d6-08ef-44e0-8058-d98d8977e923}</UniqueIdentifier>
    </Filter>
    <Filter Include="Source Files\World">
      <UniqueIdentifier>{ad43e213-3d13-4807-8976-00333aeec7cf}</UniqueIdentifier>
    </Filter>
    <Filter Include="Source Files\Resources">
      <UniqueIdentifier>{0db0d1ac-51db-4509-844f-5165a7eff3ca}</UniqueIdentifier>
    </Filter>
    <Filter Include="Source Files\World\Blocks">
      <UniqueIdentifier>{6fe3a42a-9a8f-4635-9b7d-5806657ede8e}</UniqueIdentifier>
    </Filter>
    <Filter Include="Source Files\World\Tiles">
      <UniqueIdentifier>{5d6a6e5a-34eb-41aa-9dd8-0d9f6e55edb1}</UniqueIdentifier>
    </Filter>
    <Filter Include="Header Files\Items">
      <UniqueIdentifier>{3856dbd0-3d87-4558-8c90-5300788e83df}</UniqueIdentifier>
    </Filter>
    <Filter Include="Source Files\Items">
      <UniqueIdentifier>{6f924eb0-6d9f-4b1d-8369-4fe595649b68}</UniqueIdentifier>
    </Filter>
  </ItemGroup>
  <ItemGroup>
    <ClCompile Include="main.cpp">
      <Filter>Source Files</Filter>
    </ClCompile>
    <ClCompile Include="AIController.cpp">
      <Filter>Source Files\Controllers</Filter>
    </ClCompile>
    <ClCompile Include="AIPackage.cpp">
      <Filter>Source Files\Entities\AI</Filter>
    </ClCompile>
    <ClCompile Include="block.cpp">
      <Filter>Source Files\World\Blocks</Filter>
    </ClCompile>
    <ClCompile Include="blockController.cpp">
      <Filter>Source Files\Controllers</Filter>
    </ClCompile>
    <ClCompile Include="collisionController.cpp">
      <Filter>Source Files\Controllers</Filter>
    </ClCompile>
    <ClCompile Include="counter.cpp">
      <Filter>Source Files\Resources</Filter>
    </ClCompile>
    <ClCompile Include="entity.cpp">
      <Filter>Source Files\Entities</Filter>
    </ClCompile>
    <ClCompile Include="entityController.cpp">
      <Filter>Source Files\Controllers</Filter>
    </ClCompile>
    <ClCompile Include="eventController.cpp">
      <Filter>Source Files\Controllers</Filter>
    </ClCompile>
    <ClCompile Include="initializer.cpp">
      <Filter>Source Files\Resources</Filter>
    </ClCompile>
    <ClCompile Include="game.cpp">
      <Filter>Source Files\Resources</Filter>
    </ClCompile>
    <ClCompile Include="netController.cpp">
      <Filter>Source Files\Controllers</Filter>
    </ClCompile>
    <ClCompile Include="tile.cpp">
      <Filter>Source Files\World\Tiles</Filter>
    </ClCompile>
    <ClCompile Include="tileController.cpp">
      <Filter>Source Files\Controllers</Filter>
    </ClCompile>
    <ClCompile Include="worldController.cpp">
      <Filter>Source Files\Controllers</Filter>
    </ClCompile>
    <ClCompile Include="playerNetAI.cpp">
      <Filter>Source Files\Entities\AI</Filter>
    </ClCompile>
    <ClCompile Include="spawnController.cpp">
      <Filter>Source Files\Controllers</Filter>
    </ClCompile>
    <ClCompile Include="itemController.cpp">
      <Filter>Source Files\Controllers</Filter>
    </ClCompile>
    <ClCompile Include="item.cpp">
      <Filter>Source Files\Items</Filter>
    </ClCompile>
  </ItemGroup>
  <ItemGroup>
    <ClInclude Include="AIController.h">
      <Filter>Header Files\Controllers</Filter>
    </ClInclude>
    <ClInclude Include="AIPackage.h">
      <Filter>Header Files\Entities\AI</Filter>
    </ClInclude>
    <ClInclude Include="block.h">
      <Filter>Header Files\World\Blocks</Filter>
    </ClInclude>
    <ClInclude Include="blockController.h">
      <Filter>Header Files\Controllers</Filter>
    </ClInclude>
    <ClInclude Include="collisionController.h">
      <Filter>Header Files\Controllers</Filter>
    </ClInclude>
    <ClInclude Include="counter.h">
      <Filter>Header Files\Resources</Filter>
    </ClInclude>
    <ClInclude Include="entity.h">
      <Filter>Header Files\Entities</Filter>
    </ClInclude>
    <ClInclude Include="entityController.h">
      <Filter>Header Files\Controllers</Filter>
    </ClInclude>
    <ClInclude Include="eventController.h">
      <Filter>Header Files\Controllers</Filter>
    </ClInclude>
    <ClInclude Include="game.h">
      <Filter>Header Files\Resources</Filter>
    </ClInclude>
    <ClInclude Include="initializer.h">
      <Filter>Header Files\Resources</Filter>
    </ClInclude>
    <ClInclude Include="netController.h">
      <Filter>Header Files\Controllers</Filter>
    </ClInclude>
    <ClInclude Include="tile.h">
      <Filter>Header Files\World\Tiles</Filter>
    </ClInclude>
    <ClInclude Include="tileController.h">
      <Filter>Header Files\Controllers</Filter>
    </ClInclude>
    <ClInclude Include="worldController.h">
      <Filter>Header Files\Controllers</Filter>
    </ClInclude>
    <ClInclude Include="playerNetAI.h">
      <Filter>Header Files\Entities\AI</Filter>
    </ClInclude>
    <ClInclude Include="entityIncludes.h">
      <Filter>Header Files\Resources</Filter>
    </ClInclude>
    <ClInclude Include="spawnController.h">
      <Filter>Header Files\Controllers</Filter>
    </ClInclude>
    <ClInclude Include="AIPackageIncludes.h">
      <Filter>Header Files\Resources</Filter>
    </ClInclude>
    <ClInclude Include="itemController.h">
      <Filter>Header Files\Controllers</Filter>
    </ClInclude>
    <ClInclude Include="item.h">
      <Filter>Header Files\Items</Filter>
    </ClInclude>
  </ItemGroup>
</Project>